
Microsoft Visual Studio Solution File, Format Version 12.00
# Visual Studio Version 17
VisualStudioVersion = 17.4.32916.344
MinimumVisualStudioVersion = 10.0.40219.1
Project("{9A19103F-16F7-4668-BE54-9A1E7A4F7556}") = "TangyWeb_Server", "TangyWeb_Server\TangyWeb_Server.csproj", "{836810C3-DF5C-4C76-BF35-BC67FA814741}"
EndProject
Project("{9A19103F-16F7-4668-BE54-9A1E7A4F7556}") = "TangyWeb_Client", "TangyWeb_Client\TangyWeb_Client.csproj", "{AE0EEAC9-50EC-433A-A4B1-134B14B3BA42}"
EndProject
Project("{9A19103F-16F7-4668-BE54-9A1E7A4F7556}") = "Tangy_Models", "Tangy_Models\Tangy_Models.csproj", "{085CA73E-DF36-4C9B-8ACA-24DA4354D0EE}"
EndProject
Global
	GlobalSection(SolutionConfigurationPlatforms) = preSolution
		Debug|Any CPU = Debug|Any CPU
		Release|Any CPU = Release|Any CPU
	EndGlobalSection
	GlobalSection(ProjectConfigurationPlatforms) = postSolution
		{836810C3-DF5C-4C76-BF35-BC67FA814741}.Debug|Any CPU.ActiveCfg = Debug|Any CPU
		{836810C3-DF5C-4C76-BF35-BC67FA814741}.Debug|Any CPU.Build.0 = Debug|Any CPU
		{836810C3-DF5C-4C76-BF35-BC67FA814741}.Release|Any CPU.ActiveCfg = Release|Any CPU
		{836810C3-DF5C-4C76-BF35-BC67FA814741}.Release|Any CPU.Build.0 = Release|Any CPU
		{AE0EEAC9-50EC-433A-A4B1-134B14B3BA42}.Debug|Any CPU.ActiveCfg = Debug|Any CPU
		{AE0EEAC9-50EC-433A-A4B1-134B14B3BA42}.Debug|Any CPU.Build.0 = Debug|Any CPU
		{AE0EEAC9-50EC-433A-A4B1-134B14B3BA42}.Release|Any CPU.ActiveCfg = Release|Any CPU
		{AE0EEAC9-50EC-433A-A4B1-134B14B3BA42}.Release|Any CPU.Build.0 = Release|Any CPU
		{085CA73E-DF36-4C9B-8ACA-24DA4354D0EE}.Debug|Any CPU.ActiveCfg = Debug|Any CPU
		{085CA73E-DF36-4C9B-8ACA-24DA4354D0EE}.Debug|Any CPU.Build.0 = Debug|Any CPU
		{085CA73E-DF36-4C9B-8ACA-24DA4354D0EE}.Release|Any CPU.ActiveCfg = Release|Any CPU
		{085CA73E-DF36-4C9B-8ACA-24DA4354D0EE}.Release|Any CPU.Build.0 = Release|Any CPU
	EndGlobalSection
	GlobalSection(SolutionProperties) = preSolution
		HideSolutionNode = FALSE
	EndGlobalSection
	GlobalSection(ExtensibilityGlobals) = postSolution
		SolutionGuid = {9DB6B3D4-E77A-4875-BCFB-714251114E35}
	EndGlobalSection
EndGlobal
